
Microsoft Visual Studio Solution File, Format Version 12.00
Project("{FAE04EC0-301F-11D3-BF4B-00C04F79EFBC}") = "MusicStore", "MusicStore\MusicStore.csproj", "{6C0FA184-5CC5-44B6-8918-2B87589E8B9C}"
EndProject
Project("{FAE04EC0-301F-11D3-BF4B-00C04F79EFBC}") = "UnitTests", "Tests\UnitTests\UnitTests.csproj", "{6E55132A-ACF0-429B-99B4-AD790CCDC461}"
EndProject
Global
	GlobalSection(SolutionConfigurationPlatforms) = preSolution
		Debug|Any CPU = Debug|Any CPU
		Release|Any CPU = Release|Any CPU
	EndGlobalSection
	GlobalSection(ProjectConfigurationPlatforms) = postSolution
		{6C0FA184-5CC5-44B6-8918-2B87589E8B9C}.Debug|Any CPU.ActiveCfg = Debug|Any CPU
		{6C0FA184-5CC5-44B6-8918-2B87589E8B9C}.Debug|Any CPU.Build.0 = Debug|Any CPU
		{6C0FA184-5CC5-44B6-8918-2B87589E8B9C}.Release|Any CPU.ActiveCfg = Release|Any CPU
		{6C0FA184-5CC5-44B6-8918-2B87589E8B9C}.Release|Any CPU.Build.0 = Release|Any CPU
		{6E55132A-ACF0-429B-99B4-AD790CCDC461}.Debug|Any CPU.ActiveCfg = Debug|Any CPU
		{6E55132A-ACF0-429B-99B4-AD790CCDC461}.Debug|Any CPU.Build.0 = Debug|Any CPU
		{6E55132A-ACF0-429B-99B4-AD790CCDC461}.Release|Any CPU.ActiveCfg = Release|Any CPU
		{6E55132A-ACF0-429B-99B4-AD790CCDC461}.Release|Any CPU.Build.0 = Release|Any CPU
	EndGlobalSection
EndGlobal
